
Microsoft Visual Studio Solution File, Format Version 12.00
# Visual Studio Version 17
VisualStudioVersion = 17.8.34316.72
MinimumVisualStudioVersion = 10.0.40219.1
Project("{9A19103F-16F7-4668-BE54-9A1E7A4F7556}") = "GymBooking.WebApp", "GymBooking\GymBooking.WebApp.csproj", "{34A6AEA8-04C7-4949-BCD7-F10A0471C2BE}"
EndProject
Project("{9A19103F-16F7-4668-BE54-9A1E7A4F7556}") = "GymClass.Core", "Gymclass.Core\GymClass.Core.csproj", "{F03674DF-83B5-4EDB-A1A0-506B9876A65C}"
EndProject
Project("{9A19103F-16F7-4668-BE54-9A1E7A4F7556}") = "GymClass.Data", "Gymclass.Data\GymClass.Data.csproj", "{70EFB2A3-8EF5-4922-85CE-7C3BFBF568A2}"
EndProject
Project("{9A19103F-16F7-4668-BE54-9A1E7A4F7556}") = "GymClass.Tests.Repositories", "GymClass.Tests.Repositories\GymClass.Tests.Repositories.csproj", "{46F43120-4143-48AA-B033-431EDADCF389}"
EndProject
Global
	GlobalSection(SolutionConfigurationPlatforms) = preSolution
		Debug|Any CPU = Debug|Any CPU
		Release|Any CPU = Release|Any CPU
	EndGlobalSection
	GlobalSection(ProjectConfigurationPlatforms) = postSolution
		{34A6AEA8-04C7-4949-BCD7-F10A0471C2BE}.Debug|Any CPU.ActiveCfg = Debug|Any CPU
		{34A6AEA8-04C7-4949-BCD7-F10A0471C2BE}.Debug|Any CPU.Build.0 = Debug|Any CPU
		{34A6AEA8-04C7-4949-BCD7-F10A0471C2BE}.Release|Any CPU.ActiveCfg = Release|Any CPU
		{34A6AEA8-04C7-4949-BCD7-F10A0471C2BE}.Release|Any CPU.Build.0 = Release|Any CPU
		{F03674DF-83B5-4EDB-A1A0-506B9876A65C}.Debug|Any CPU.ActiveCfg = Debug|Any CPU
		{F03674DF-83B5-4EDB-A1A0-506B9876A65C}.Debug|Any CPU.Build.0 = Debug|Any CPU
		{F03674DF-83B5-4EDB-A1A0-506B9876A65C}.Release|Any CPU.ActiveCfg = Release|Any CPU
		{F03674DF-83B5-4EDB-A1A0-506B9876A65C}.Release|Any CPU.Build.0 = Release|Any CPU
		{70EFB2A3-8EF5-4922-85CE-7C3BFBF568A2}.Debug|Any CPU.ActiveCfg = Debug|Any CPU
		{70EFB2A3-8EF5-4922-85CE-7C3BFBF568A2}.Debug|Any CPU.Build.0 = Debug|Any CPU
		{70EFB2A3-8EF5-4922-85CE-7C3BFBF568A2}.Release|Any CPU.ActiveCfg = Release|Any CPU
		{70EFB2A3-8EF5-4922-85CE-7C3BFBF568A2}.Release|Any CPU.Build.0 = Release|Any CPU
		{46F43120-4143-48AA-B033-431EDADCF389}.Debug|Any CPU.ActiveCfg = Debug|Any CPU
		{46F43120-4143-48AA-B033-431EDADCF389}.Debug|Any CPU.Build.0 = Debug|Any CPU
		{46F43120-4143-48AA-B033-431EDADCF389}.Release|Any CPU.ActiveCfg = Release|Any CPU
		{46F43120-4143-48AA-B033-431EDADCF389}.Release|Any CPU.Build.0 = Release|Any CPU
	EndGlobalSection
	GlobalSection(SolutionProperties) = preSolution
		HideSolutionNode = FALSE
	EndGlobalSection
	GlobalSection(ExtensibilityGlobals) = postSolution
		SolutionGuid = {4F3980F5-077C-4626-A983-4C1A5553304E}
	EndGlobalSection
EndGlobal
